
Microsoft Visual Studio Solution File, Format Version 12.00
# Visual Studio Version 16
VisualStudioVersion = 16.0.32510.428
MinimumVisualStudioVersion = 10.0.40219.1
Project("{FAE04EC0-301F-11D3-BF4B-00C04F79EFBC}") = "MicrosoftToDo", "MicrosoftToDo.csproj", "{28E7A229-62D3-46E0-B2C7-075E9B3C14E8}"
EndProject
Global
	GlobalSection(SolutionConfigurationPlatforms) = preSolution
		Debug|Any CPU = Debug|Any CPU
		Release|Any CPU = Release|Any CPU
	EndGlobalSection
	GlobalSection(ProjectConfigurationPlatforms) = postSolution
		{28E7A229-62D3-46E0-B2C7-075E9B3C14E8}.Debug|Any CPU.ActiveCfg = Debug|Any CPU
		{28E7A229-62D3-46E0-B2C7-075E9B3C14E8}.Debug|Any CPU.Build.0 = Debug|Any CPU
		{28E7A229-62D3-46E0-B2C7-075E9B3C14E8}.Release|Any CPU.ActiveCfg = Release|Any CPU
		{28E7A229-62D3-46E0-B2C7-075E9B3C14E8}.Release|Any CPU.Build.0 = Release|Any CPU
	EndGlobalSection
	GlobalSection(SolutionProperties) = preSolution
		HideSolutionNode = FALSE
	EndGlobalSection
	GlobalSection(ExtensibilityGlobals) = postSolution
		SolutionGuid = {0A890D9A-118F-4574-B43A-D55498069F0D}
	EndGlobalSection
EndGlobal
